
Microsoft Visual Studio Solution File, Format Version 12.00
# Visual Studio 2013
VisualStudioVersion = 12.0.31101.0
MinimumVisualStudioVersion = 10.0.40219.1
Project("{FAE04EC0-301F-11D3-BF4B-00C04F79EFBC}") = "Comp2007-MidtermExam", "Comp2007-MidtermExam\Comp2007-MidtermExam.csproj", "{65D9F1E6-C140-420C-9120-4B3FDAD47D18}"
EndProject
Project("{2150E333-8FDC-42A3-9474-1A3956D46DE8}") = "PublishScripts", "PublishScripts", "{614ADABD-79BB-48E8-A705-8DCF56274EE8}"
	ProjectSection(SolutionItems) = preProject
		PublishScripts\AzureWebsitePublishModule.psm1 = PublishScripts\AzureWebsitePublishModule.psm1
		PublishScripts\Publish-WebApplicationWebsite.ps1 = PublishScripts\Publish-WebApplicationWebsite.ps1
	EndProjectSection
EndProject
Project("{2150E333-8FDC-42A3-9474-1A3956D46DE8}") = "Configurations", "Configurations", "{BAC0F89A-0B86-4AB7-ACC4-4A95E0E476C0}"
	ProjectSection(SolutionItems) = preProject
		PublishScripts\Configurations\Comp2007-MidtermExam-WAWS-dev.json = PublishScripts\Configurations\Comp2007-MidtermExam-WAWS-dev.json
	EndProjectSection
EndProject
Global
	GlobalSection(SolutionConfigurationPlatforms) = preSolution
		Debug|Any CPU = Debug|Any CPU
		Release|Any CPU = Release|Any CPU
	EndGlobalSection
	GlobalSection(ProjectConfigurationPlatforms) = postSolution
		{65D9F1E6-C140-420C-9120-4B3FDAD47D18}.Debug|Any CPU.ActiveCfg = Debug|Any CPU
		{65D9F1E6-C140-420C-9120-4B3FDAD47D18}.Debug|Any CPU.Build.0 = Debug|Any CPU
		{65D9F1E6-C140-420C-9120-4B3FDAD47D18}.Release|Any CPU.ActiveCfg = Release|Any CPU
		{65D9F1E6-C140-420C-9120-4B3FDAD47D18}.Release|Any CPU.Build.0 = Release|Any CPU
	EndGlobalSection
	GlobalSection(SolutionProperties) = preSolution
		HideSolutionNode = FALSE
	EndGlobalSection
	GlobalSection(NestedProjects) = preSolution
		{BAC0F89A-0B86-4AB7-ACC4-4A95E0E476C0} = {614ADABD-79BB-48E8-A705-8DCF56274EE8}
	EndGlobalSection
EndGlobal
